PODS:
  - Alamofire (5.6.4)
  - Atributika (4.10.1)
  - BigInt (5.2.0)
  - IGListDiffKit (4.0.0)
  - IGListKit (4.0.0):
    - IGListDiffKit (= 4.0.0)
  - Kingfisher (7.6.2)
  - PinLayout (1.10.4)
  - R.swift (7.3.0)
  - SnapKit (5.6.0)
  - Starscream (4.0.4)
  - TweetNacl (1.0.2)

DEPENDENCIES:
  - Alamofire
  - Atributika
  - BigInt
  - IGListKit
  - Kingfisher
  - PinLayout
  - R.swift
  - SnapKit
  - Starscream
  - TweetNacl

SPEC REPOS:
  trunk:
    - Alamofire
    - Atributika
    - BigInt
    - IGListDiffKit
    - IGListKit
    - Kingfisher
    - PinLayout
    - R.swift
    - SnapKit
    - Starscream
    - TweetNacl

SPEC CHECKSUMS:
  Alamofire: 4e95d97098eacb88856099c4fc79b526a299e48c
  Atributika: 47e778507cfb3cd2c996278b0285221a62e97d71
  BigInt: f668a80089607f521586bbe29513d708491ef2f7
  IGListDiffKit: 665d6cf43ce726e676013db9c7d6c4294259b6b2
  IGListKit: fd5a5d21935298f5849fa49d426843cff97b77c7
  Kingfisher: 6c5449c6450c5239166510ba04afe374a98afc4f
  PinLayout: f8a677ce0cd1cfe96b58435d029b4ceb4ce9c04c
  R.swift: cef1c530541cb49412752721797f10dae6b32d11
  SnapKit: e01d52ebb8ddbc333eefe2132acf85c8227d9c25
  Starscream: 5178aed56b316f13fa3bc55694e583d35dd414d9
  TweetNacl: 3abf4d1d2082b0114e7a67410e300892448951e6

PODFILE CHECKSUM: cf89732333106b697332a7f39d6d6636d7761235

COCOAPODS: 1.12.1
