// !$*UTF8*$!
{
	archiveVersion = 1;
	classes = {
	};
	objectVersion = 55;
	objects = {

/* Begin PBXBuildFile section */
		2C1BD16129817F1F001284C0 /* UIFont+Custom.swift in Sources */ = {isa = PBXBuildFile; fileRef = 2C1BD16029817F1F001284C0 /* UIFont+Custom.swift */; };
		2C1BD169298181B2001284C0 /* Rubik-Bold.ttf in Resources */ = {isa = PBXBuildFile; fileRef = 2C1BD16629818061001284C0 /* Rubik-Bold.ttf */; };
		2C1BD16A298181B2001284C0 /* Rubik-ExtraBold.ttf in Resources */ = {isa = PBXBuildFile; fileRef = 2C1BD16729818061001284C0 /* Rubik-ExtraBold.ttf */; };
		2C1BD16B298181B2001284C0 /* Rubik-Medium.ttf in Resources */ = {isa = PBXBuildFile; fileRef = 2C1BD16529818061001284C0 /* Rubik-Medium.ttf */; };
		2C1BD16C298181B2001284C0 /* Rubik-Regular.ttf in Resources */ = {isa = PBXBuildFile; fileRef = 2C1BD16829818061001284C0 /* Rubik-Regular.ttf */; };
		2C1BD16D298181B2001284C0 /* Rubik-SemiBold.ttf in Resources */ = {isa = PBXBuildFile; fileRef = 2C1BD16429818061001284C0 /* Rubik-SemiBold.ttf */; };
		2C1BD17229818334001284C0 /* SeedPhraseAlertViewController.swift in Sources */ = {isa = PBXBuildFile; fileRef = 2C1BD17129818334001284C0 /* SeedPhraseAlertViewController.swift */; };
		2C1BD17529818357001284C0 /* SeedPhraseAlertView.swift in Sources */ = {isa = PBXBuildFile; fileRef = 2C1BD17429818357001284C0 /* SeedPhraseAlertView.swift */; };
		2C1BD179298189D2001284C0 /* RootNavigationController.swift in Sources */ = {isa = PBXBuildFile; fileRef = 2C1BD178298189D2001284C0 /* RootNavigationController.swift */; };
		2C1BD17D29818D84001284C0 /* SeedPhraseView.swift in Sources */ = {isa = PBXBuildFile; fileRef = 2C1BD17C29818D84001284C0 /* SeedPhraseView.swift */; };
		2C1BD17F29818D90001284C0 /* SeedPhraseViewController.swift in Sources */ = {isa = PBXBuildFile; fileRef = 2C1BD17E29818D90001284C0 /* SeedPhraseViewController.swift */; };
		2C1BD181298191F9001284C0 /* SeedWordView.swift in Sources */ = {isa = PBXBuildFile; fileRef = 2C1BD180298191F9001284C0 /* SeedWordView.swift */; };
		2C1BD18529828646001284C0 /* SeedWordCell.swift in Sources */ = {isa = PBXBuildFile; fileRef = 2C1BD18429828646001284C0 /* SeedWordCell.swift */; };
		2C1BD1892982BAD3001284C0 /* PasswordView.swift in Sources */ = {isa = PBXBuildFile; fileRef = 2C1BD1882982BAD3001284C0 /* PasswordView.swift */; };
		2C1BD18B2982BAF7001284C0 /* PasswordViewController.swift in Sources */ = {isa = PBXBuildFile; fileRef = 2C1BD18A2982BAF7001284C0 /* PasswordViewController.swift */; };
		2C1BD18E2982C07E001284C0 /* PassIndicatorsView.swift in Sources */ = {isa = PBXBuildFile; fileRef = 2C1BD18D2982C07E001284C0 /* PassIndicatorsView.swift */; };
		2C1BD1912983F447001284C0 /* SuccessViewController.swift in Sources */ = {isa = PBXBuildFile; fileRef = 2C1BD1902983F447001284C0 /* SuccessViewController.swift */; };
		2C1BD1942983F48D001284C0 /* SuccessView.swift in Sources */ = {isa = PBXBuildFile; fileRef = 2C1BD1932983F48D001284C0 /* SuccessView.swift */; };
		2C1BD1982983F948001284C0 /* MainView.swift in Sources */ = {isa = PBXBuildFile; fileRef = 2C1BD1972983F948001284C0 /* MainView.swift */; };
		2C1BD19A2983F955001284C0 /* MainViewController.swift in Sources */ = {isa = PBXBuildFile; fileRef = 2C1BD1992983F955001284C0 /* MainViewController.swift */; };
		2C1BD19C2983FFEE001284C0 /* SeedNextButtonCell.swift in Sources */ = {isa = PBXBuildFile; fileRef = 2C1BD19B2983FFEE001284C0 /* SeedNextButtonCell.swift */; };
		2C1BD19F298429C0001284C0 /* MainChartModel.swift in Sources */ = {isa = PBXBuildFile; fileRef = 2C1BD19E298429C0001284C0 /* MainChartModel.swift */; };
		2C1BD1A229842B10001284C0 /* MainChartSection.swift in Sources */ = {isa = PBXBuildFile; fileRef = 2C1BD1A129842B10001284C0 /* MainChartSection.swift */; };
		2C1BD1A629842BEA001284C0 /* MainChartCell.swift in Sources */ = {isa = PBXBuildFile; fileRef = 2C1BD1A529842BEA001284C0 /* MainChartCell.swift */; };
		2C1BD1A829842C01001284C0 /* MainChartView.swift in Sources */ = {isa = PBXBuildFile; fileRef = 2C1BD1A729842C01001284C0 /* MainChartView.swift */; };
		2C2DCBDF29597E4200E4B688 /* AppDelegate.swift in Sources */ = {isa = PBXBuildFile; fileRef = 2C2DCBDE29597E4200E4B688 /* AppDelegate.swift */; };
		2C2DCBE829597E4300E4B688 /* Assets.xcassets in Resources */ = {isa = PBXBuildFile; fileRef = 2C2DCBE729597E4300E4B688 /* Assets.xcassets */; };
		2C2DCBEB29597E4300E4B688 /* LaunchScreen.storyboard in Resources */ = {isa = PBXBuildFile; fileRef = 2C2DCBE929597E4300E4B688 /* LaunchScreen.storyboard */; };
		2C2DCC0629598FB700E4B688 /* RootView.swift in Sources */ = {isa = PBXBuildFile; fileRef = 2C2DCBFE29598FB700E4B688 /* RootView.swift */; };
		2C2DCC0829598FB700E4B688 /* UIIColor+hex.swift in Sources */ = {isa = PBXBuildFile; fileRef = 2C2DCC0229598FB700E4B688 /* UIIColor+hex.swift */; };
		2C2DCC0929598FB700E4B688 /* ListCollectionContext+Dequeue.swift in Sources */ = {isa = PBXBuildFile; fileRef = 2C2DCC0529598FB700E4B688 /* ListCollectionContext+Dequeue.swift */; };
		2C2DCC0E2959908300E4B688 /* Localizable.strings in Resources */ = {isa = PBXBuildFile; fileRef = 2C2DCC102959908300E4B688 /* Localizable.strings */; };
		2C3BE49429A30AA1000358C0 /* Inter-Medium.ttf in Resources */ = {isa = PBXBuildFile; fileRef = 2C3BE48F29A30AA1000358C0 /* Inter-Medium.ttf */; };
		2C3BE49529A30AA1000358C0 /* Inter-Bold.ttf in Resources */ = {isa = PBXBuildFile; fileRef = 2C3BE49029A30AA1000358C0 /* Inter-Bold.ttf */; };
		2C3BE49629A30AA1000358C0 /* Inter-Regular.ttf in Resources */ = {isa = PBXBuildFile; fileRef = 2C3BE49129A30AA1000358C0 /* Inter-Regular.ttf */; };
		2C3BE49729A30AA1000358C0 /* Inter-ExtraBold.ttf in Resources */ = {isa = PBXBuildFile; fileRef = 2C3BE49229A30AA1000358C0 /* Inter-ExtraBold.ttf */; };
		2C3BE49829A30AA1000358C0 /* Inter-SemiBold.ttf in Resources */ = {isa = PBXBuildFile; fileRef = 2C3BE49329A30AA1000358C0 /* Inter-SemiBold.ttf */; };
		2C4DE29929A3143200BD1F05 /* R.generated.swift in Sources */ = {isa = PBXBuildFile; fileRef = 2C4DE29829A3143200BD1F05 /* R.generated.swift */; };
		2C4DE29E29A3B48700BD1F05 /* LoadSeedView.swift in Sources */ = {isa = PBXBuildFile; fileRef = 2C4DE29D29A3B48700BD1F05 /* LoadSeedView.swift */; };
		2C4DE2A029A3B5A300BD1F05 /* LoadSeedViewController.swift in Sources */ = {isa = PBXBuildFile; fileRef = 2C4DE29F29A3B5A300BD1F05 /* LoadSeedViewController.swift */; };
		2CDA0007298474A000A8CA23 /* SharedWithYouCore.framework in Frameworks */ = {isa = PBXBuildFile; fileRef = 2CDA0006298474A000A8CA23 /* SharedWithYouCore.framework */; };
		2CE8F116295C288600258A98 /* CreateViewController.swift in Sources */ = {isa = PBXBuildFile; fileRef = 2CE8F115295C288600258A98 /* CreateViewController.swift */; };
		2CE8F118295C29B600258A98 /* CreateView.swift in Sources */ = {isa = PBXBuildFile; fileRef = 2CE8F117295C29B600258A98 /* CreateView.swift */; };
		2CE8F11E295C352200258A98 /* Montserrat-Bold.ttf in Resources */ = {isa = PBXBuildFile; fileRef = 2CE8F11A295C352200258A98 /* Montserrat-Bold.ttf */; };
		2CE8F11F295C352200258A98 /* Montserrat-Medium.ttf in Resources */ = {isa = PBXBuildFile; fileRef = 2CE8F11B295C352200258A98 /* Montserrat-Medium.ttf */; };
		2CE8F120295C352200258A98 /* Montserrat-Regular.ttf in Resources */ = {isa = PBXBuildFile; fileRef = 2CE8F11C295C352200258A98 /* Montserrat-Regular.ttf */; };
		2CE8F121295C352200258A98 /* Montserrat-SemiBold.ttf in Resources */ = {isa = PBXBuildFile; fileRef = 2CE8F11D295C352200258A98 /* Montserrat-SemiBold.ttf */; };
		2CE8F123295C4A0700258A98 /* Montserrat-ExtraBold.ttf in Resources */ = {isa = PBXBuildFile; fileRef = 2CE8F122295C49E100258A98 /* Montserrat-ExtraBold.ttf */; };
		6C8BA53D097E57E34EE801AF /* TonKeyPair.swift in Sources */ = {isa = PBXBuildFile; fileRef = 6C8BAB58F4C34AC9D9CD6D3A /* TonKeyPair.swift */; };
		6C8BA6EC50877D78EB58E2F6 /* TonManager.swift in Sources */ = {isa = PBXBuildFile; fileRef = 6C8BAFD75E236600AE4F8772 /* TonManager.swift */; };
		6C8BADCC48B1E7F0A7F32C92 /* TonManagerDelegate.swift in Sources */ = {isa = PBXBuildFile; fileRef = 6C8BAE59CE7020DD0EEE2892 /* TonManagerDelegate.swift */; };
		B3791D54ECE7C84BCA846C5F /* Pods_TonWallet.framework in Frameworks */ = {isa = PBXBuildFile; fileRef = BA0B5B92E5EB9A7C84C0B389 /* Pods_TonWallet.framework */; };
/* End PBXBuildFile section */

/* Begin PBXFileReference section */
		0A371F3D3DCE7773577B6E98 /* Pods-TonWallet.debug.xcconfig */ = {isa = PBXFileReference; includeInIndex = 1; lastKnownFileType = text.xcconfig; name = "Pods-TonWallet.debug.xcconfig"; path = "Target Support Files/Pods-TonWallet/Pods-TonWallet.debug.xcconfig"; sourceTree = "<group>"; };
		2C1BD16029817F1F001284C0 /* UIFont+Custom.swift */ = {isa = PBXFileReference; fileEncoding = 4; lastKnownFileType = sourcecode.swift; path = "UIFont+Custom.swift"; sourceTree = "<group>"; };
		2C1BD16429818061001284C0 /* Rubik-SemiBold.ttf */ = {isa = PBXFileReference; lastKnownFileType = file; path = "Rubik-SemiBold.ttf"; sourceTree = "<group>"; };
		2C1BD16529818061001284C0 /* Rubik-Medium.ttf */ = {isa = PBXFileReference; lastKnownFileType = file; path = "Rubik-Medium.ttf"; sourceTree = "<group>"; };
		2C1BD16629818061001284C0 /* Rubik-Bold.ttf */ = {isa = PBXFileReference; lastKnownFileType = file; path = "Rubik-Bold.ttf"; sourceTree = "<group>"; };
		2C1BD16729818061001284C0 /* Rubik-ExtraBold.ttf */ = {isa = PBXFileReference; lastKnownFileType = file; path = "Rubik-ExtraBold.ttf"; sourceTree = "<group>"; };
		2C1BD16829818061001284C0 /* Rubik-Regular.ttf */ = {isa = PBXFileReference; lastKnownFileType = file; path = "Rubik-Regular.ttf"; sourceTree = "<group>"; };
		2C1BD17129818334001284C0 /* SeedPhraseAlertViewController.swift */ = {isa = PBXFileReference; lastKnownFileType = sourcecode.swift; path = SeedPhraseAlertViewController.swift; sourceTree = "<group>"; };
		2C1BD17429818357001284C0 /* SeedPhraseAlertView.swift */ = {isa = PBXFileReference; lastKnownFileType = sourcecode.swift; path = SeedPhraseAlertView.swift; sourceTree = "<group>"; };
		2C1BD178298189D2001284C0 /* RootNavigationController.swift */ = {isa = PBXFileReference; fileEncoding = 4; lastKnownFileType = sourcecode.swift; path = RootNavigationController.swift; sourceTree = "<group>"; };
		2C1BD17C29818D84001284C0 /* SeedPhraseView.swift */ = {isa = PBXFileReference; lastKnownFileType = sourcecode.swift; path = SeedPhraseView.swift; sourceTree = "<group>"; };
		2C1BD17E29818D90001284C0 /* SeedPhraseViewController.swift */ = {isa = PBXFileReference; lastKnownFileType = sourcecode.swift; path = SeedPhraseViewController.swift; sourceTree = "<group>"; };
		2C1BD180298191F9001284C0 /* SeedWordView.swift */ = {isa = PBXFileReference; lastKnownFileType = sourcecode.swift; path = SeedWordView.swift; sourceTree = "<group>"; };
		2C1BD18429828646001284C0 /* SeedWordCell.swift */ = {isa = PBXFileReference; lastKnownFileType = sourcecode.swift; path = SeedWordCell.swift; sourceTree = "<group>"; };
		2C1BD1882982BAD3001284C0 /* PasswordView.swift */ = {isa = PBXFileReference; lastKnownFileType = sourcecode.swift; path = PasswordView.swift; sourceTree = "<group>"; };
		2C1BD18A2982BAF7001284C0 /* PasswordViewController.swift */ = {isa = PBXFileReference; lastKnownFileType = sourcecode.swift; path = PasswordViewController.swift; sourceTree = "<group>"; };
		2C1BD18D2982C07E001284C0 /* PassIndicatorsView.swift */ = {isa = PBXFileReference; lastKnownFileType = sourcecode.swift; path = PassIndicatorsView.swift; sourceTree = "<group>"; };
		2C1BD1902983F447001284C0 /* SuccessViewController.swift */ = {isa = PBXFileReference; lastKnownFileType = sourcecode.swift; path = SuccessViewController.swift; sourceTree = "<group>"; };
		2C1BD1932983F48D001284C0 /* SuccessView.swift */ = {isa = PBXFileReference; lastKnownFileType = sourcecode.swift; path = SuccessView.swift; sourceTree = "<group>"; };
		2C1BD1972983F948001284C0 /* MainView.swift */ = {isa = PBXFileReference; lastKnownFileType = sourcecode.swift; path = MainView.swift; sourceTree = "<group>"; };
		2C1BD1992983F955001284C0 /* MainViewController.swift */ = {isa = PBXFileReference; lastKnownFileType = sourcecode.swift; path = MainViewController.swift; sourceTree = "<group>"; };
		2C1BD19B2983FFEE001284C0 /* SeedNextButtonCell.swift */ = {isa = PBXFileReference; lastKnownFileType = sourcecode.swift; path = SeedNextButtonCell.swift; sourceTree = "<group>"; };
		2C1BD19E298429C0001284C0 /* MainChartModel.swift */ = {isa = PBXFileReference; lastKnownFileType = sourcecode.swift; path = MainChartModel.swift; sourceTree = "<group>"; };
		2C1BD1A129842B10001284C0 /* MainChartSection.swift */ = {isa = PBXFileReference; lastKnownFileType = sourcecode.swift; path = MainChartSection.swift; sourceTree = "<group>"; };
		2C1BD1A529842BEA001284C0 /* MainChartCell.swift */ = {isa = PBXFileReference; lastKnownFileType = sourcecode.swift; path = MainChartCell.swift; sourceTree = "<group>"; };
		2C1BD1A729842C01001284C0 /* MainChartView.swift */ = {isa = PBXFileReference; lastKnownFileType = sourcecode.swift; path = MainChartView.swift; sourceTree = "<group>"; };
		2C2DCBDB29597E4200E4B688 /* TonWallet.app */ = {isa = PBXFileReference; explicitFileType = wrapper.application; includeInIndex = 0; path = TonWallet.app; sourceTree = BUILT_PRODUCTS_DIR; };
		2C2DCBDE29597E4200E4B688 /* AppDelegate.swift */ = {isa = PBXFileReference; lastKnownFileType = sourcecode.swift; path = AppDelegate.swift; sourceTree = "<group>"; };
		2C2DCBE729597E4300E4B688 /* Assets.xcassets */ = {isa = PBXFileReference; lastKnownFileType = folder.assetcatalog; path = Assets.xcassets; sourceTree = "<group>"; };
		2C2DCBEA29597E4300E4B688 /* Base */ = {isa = PBXFileReference; lastKnownFileType = file.storyboard; name = Base; path = Base.lproj/LaunchScreen.storyboard; sourceTree = "<group>"; };
		2C2DCBEC29597E4300E4B688 /* Info.plist */ = {isa = PBXFileReference; lastKnownFileType = text.plist.xml; path = Info.plist; sourceTree = "<group>"; };
		2C2DCBFE29598FB700E4B688 /* RootView.swift */ = {isa = PBXFileReference; fileEncoding = 4; lastKnownFileType = sourcecode.swift; path = RootView.swift; sourceTree = "<group>"; };
		2C2DCC0229598FB700E4B688 /* UIIColor+hex.swift */ = {isa = PBXFileReference; fileEncoding = 4; lastKnownFileType = sourcecode.swift; path = "UIIColor+hex.swift"; sourceTree = "<group>"; };
		2C2DCC0529598FB700E4B688 /* ListCollectionContext+Dequeue.swift */ = {isa = PBXFileReference; fileEncoding = 4; lastKnownFileType = sourcecode.swift; path = "ListCollectionContext+Dequeue.swift"; sourceTree = "<group>"; };
		2C2DCC0F2959908300E4B688 /* en */ = {isa = PBXFileReference; lastKnownFileType = text.plist.strings; name = en; path = en.lproj/Localizable.strings; sourceTree = "<group>"; };
		2C3BE48F29A30AA1000358C0 /* Inter-Medium.ttf */ = {isa = PBXFileReference; lastKnownFileType = file; path = "Inter-Medium.ttf"; sourceTree = "<group>"; };
		2C3BE49029A30AA1000358C0 /* Inter-Bold.ttf */ = {isa = PBXFileReference; lastKnownFileType = file; path = "Inter-Bold.ttf"; sourceTree = "<group>"; };
		2C3BE49129A30AA1000358C0 /* Inter-Regular.ttf */ = {isa = PBXFileReference; lastKnownFileType = file; path = "Inter-Regular.ttf"; sourceTree = "<group>"; };
		2C3BE49229A30AA1000358C0 /* Inter-ExtraBold.ttf */ = {isa = PBXFileReference; lastKnownFileType = file; path = "Inter-ExtraBold.ttf"; sourceTree = "<group>"; };
		2C3BE49329A30AA1000358C0 /* Inter-SemiBold.ttf */ = {isa = PBXFileReference; lastKnownFileType = file; path = "Inter-SemiBold.ttf"; sourceTree = "<group>"; };
		2C4DE29829A3143200BD1F05 /* R.generated.swift */ = {isa = PBXFileReference; fileEncoding = 4; lastKnownFileType = sourcecode.swift; path = R.generated.swift; sourceTree = "<group>"; };
		2C4DE29D29A3B48700BD1F05 /* LoadSeedView.swift */ = {isa = PBXFileReference; lastKnownFileType = sourcecode.swift; path = LoadSeedView.swift; sourceTree = "<group>"; };
		2C4DE29F29A3B5A300BD1F05 /* LoadSeedViewController.swift */ = {isa = PBXFileReference; lastKnownFileType = sourcecode.swift; path = LoadSeedViewController.swift; sourceTree = "<group>"; };
		2CDA0006298474A000A8CA23 /* SharedWithYouCore.framework */ = {isa = PBXFileReference; lastKnownFileType = wrapper.framework; name = SharedWithYouCore.framework; path = System/Library/Frameworks/SharedWithYouCore.framework; sourceTree = SDKROOT; };
		2CE8F115295C288600258A98 /* CreateViewController.swift */ = {isa = PBXFileReference; lastKnownFileType = sourcecode.swift; path = CreateViewController.swift; sourceTree = "<group>"; };
		2CE8F117295C29B600258A98 /* CreateView.swift */ = {isa = PBXFileReference; lastKnownFileType = sourcecode.swift; path = CreateView.swift; sourceTree = "<group>"; };
		2CE8F11A295C352200258A98 /* Montserrat-Bold.ttf */ = {isa = PBXFileReference; lastKnownFileType = file; path = "Montserrat-Bold.ttf"; sourceTree = "<group>"; };
		2CE8F11B295C352200258A98 /* Montserrat-Medium.ttf */ = {isa = PBXFileReference; lastKnownFileType = file; path = "Montserrat-Medium.ttf"; sourceTree = "<group>"; };
		2CE8F11C295C352200258A98 /* Montserrat-Regular.ttf */ = {isa = PBXFileReference; lastKnownFileType = file; path = "Montserrat-Regular.ttf"; sourceTree = "<group>"; };
		2CE8F11D295C352200258A98 /* Montserrat-SemiBold.ttf */ = {isa = PBXFileReference; lastKnownFileType = file; path = "Montserrat-SemiBold.ttf"; sourceTree = "<group>"; };
		2CE8F122295C49E100258A98 /* Montserrat-ExtraBold.ttf */ = {isa = PBXFileReference; lastKnownFileType = file; path = "Montserrat-ExtraBold.ttf"; sourceTree = "<group>"; };
		3FFC720241E87254142E4955 /* Pods-TonWallet.release.xcconfig */ = {isa = PBXFileReference; includeInIndex = 1; lastKnownFileType = text.xcconfig; name = "Pods-TonWallet.release.xcconfig"; path = "Target Support Files/Pods-TonWallet/Pods-TonWallet.release.xcconfig"; sourceTree = "<group>"; };
		6C8BAB58F4C34AC9D9CD6D3A /* TonKeyPair.swift */ = {isa = PBXFileReference; fileEncoding = 4; lastKnownFileType = sourcecode.swift; path = TonKeyPair.swift; sourceTree = "<group>"; };
		6C8BAE59CE7020DD0EEE2892 /* TonManagerDelegate.swift */ = {isa = PBXFileReference; fileEncoding = 4; lastKnownFileType = sourcecode.swift; path = TonManagerDelegate.swift; sourceTree = "<group>"; };
		6C8BAFD75E236600AE4F8772 /* TonManager.swift */ = {isa = PBXFileReference; fileEncoding = 4; lastKnownFileType = sourcecode.swift; path = TonManager.swift; sourceTree = "<group>"; };
		BA0B5B92E5EB9A7C84C0B389 /* Pods_TonWallet.framework */ = {isa = PBXFileReference; explicitFileType = wrapper.framework; includeInIndex = 0; path = Pods_TonWallet.framework; sourceTree = BUILT_PRODUCTS_DIR; };
/* End PBXFileReference section */

/* Begin PBXFrameworksBuildPhase section */
		2C2DCBD829597E4200E4B688 /* Frameworks */ = {
			isa = PBXFrameworksBuildPhase;
			buildActionMask = 2147483647;
			files = (
				2CDA0007298474A000A8CA23 /* SharedWithYouCore.framework in Frameworks */,
				B3791D54ECE7C84BCA846C5F /* Pods_TonWallet.framework in Frameworks */,
			);
			runOnlyForDeploymentPostprocessing = 0;
		};
/* End PBXFrameworksBuildPhase section */

/* Begin PBXGroup section */
		2C1BD16229817F66001284C0 /* Montserrat */ = {
			isa = PBXGroup;
			children = (
				2CE8F11A295C352200258A98 /* Montserrat-Bold.ttf */,
				2CE8F122295C49E100258A98 /* Montserrat-ExtraBold.ttf */,
				2CE8F11B295C352200258A98 /* Montserrat-Medium.ttf */,
				2CE8F11C295C352200258A98 /* Montserrat-Regular.ttf */,
				2CE8F11D295C352200258A98 /* Montserrat-SemiBold.ttf */,
			);
			path = Montserrat;
			sourceTree = "<group>";
		};
		2C1BD16329817F74001284C0 /* Rubic */ = {
			isa = PBXGroup;
			children = (
				2C1BD16629818061001284C0 /* Rubik-Bold.ttf */,
				2C1BD16729818061001284C0 /* Rubik-ExtraBold.ttf */,
				2C1BD16529818061001284C0 /* Rubik-Medium.ttf */,
				2C1BD16829818061001284C0 /* Rubik-Regular.ttf */,
				2C1BD16429818061001284C0 /* Rubik-SemiBold.ttf */,
			);
			path = Rubic;
			sourceTree = "<group>";
		};
		2C1BD16F29818307001284C0 /* SeedPhrase */ = {
			isa = PBXGroup;
			children = (
				2C1BD17029818319001284C0 /* Alert */,
				2C1BD17A29818D6F001284C0 /* SeedPrhase */,
			);
			path = SeedPhrase;
			sourceTree = "<group>";
		};
		2C1BD17029818319001284C0 /* Alert */ = {
			isa = PBXGroup;
			children = (
				2C1BD17329818345001284C0 /* View */,
				2C1BD17129818334001284C0 /* SeedPhraseAlertViewController.swift */,
			);
			path = Alert;
			sourceTree = "<group>";
		};
		2C1BD17329818345001284C0 /* View */ = {
			isa = PBXGroup;
			children = (
				2C1BD17429818357001284C0 /* SeedPhraseAlertView.swift */,
			);
			path = View;
			sourceTree = "<group>";
		};
		2C1BD176298189D2001284C0 /* Controllers */ = {
			isa = PBXGroup;
			children = (
				2C1BD177298189D2001284C0 /* NavigationController */,
			);
			path = Controllers;
			sourceTree = "<group>";
		};
		2C1BD177298189D2001284C0 /* NavigationController */ = {
			isa = PBXGroup;
			children = (
				2C1BD178298189D2001284C0 /* RootNavigationController.swift */,
			);
			path = NavigationController;
			sourceTree = "<group>";
		};
		2C1BD17A29818D6F001284C0 /* SeedPrhase */ = {
			isa = PBXGroup;
			children = (
				2C1BD18329828614001284C0 /* Cell */,
				2C1BD17B29818D78001284C0 /* View */,
				2C1BD17E29818D90001284C0 /* SeedPhraseViewController.swift */,
			);
			path = SeedPrhase;
			sourceTree = "<group>";
		};
		2C1BD17B29818D78001284C0 /* View */ = {
			isa = PBXGroup;
			children = (
				2C1BD18229819462001284C0 /* Subview */,
				2C1BD17C29818D84001284C0 /* SeedPhraseView.swift */,
			);
			path = View;
			sourceTree = "<group>";
		};
		2C1BD18229819462001284C0 /* Subview */ = {
			isa = PBXGroup;
			children = (
				2C1BD180298191F9001284C0 /* SeedWordView.swift */,
			);
			path = Subview;
			sourceTree = "<group>";
		};
		2C1BD18329828614001284C0 /* Cell */ = {
			isa = PBXGroup;
			children = (
				2C1BD18429828646001284C0 /* SeedWordCell.swift */,
				2C1BD19B2983FFEE001284C0 /* SeedNextButtonCell.swift */,
			);
			path = Cell;
			sourceTree = "<group>";
		};
		2C1BD1862982BA62001284C0 /* Password */ = {
			isa = PBXGroup;
			children = (
				2C1BD1872982BAC2001284C0 /* View */,
				2C1BD18A2982BAF7001284C0 /* PasswordViewController.swift */,
			);
			path = Password;
			sourceTree = "<group>";
		};
		2C1BD1872982BAC2001284C0 /* View */ = {
			isa = PBXGroup;
			children = (
				2C1BD18C2982BFC3001284C0 /* Subview */,
				2C1BD1882982BAD3001284C0 /* PasswordView.swift */,
			);
			path = View;
			sourceTree = "<group>";
		};
		2C1BD18C2982BFC3001284C0 /* Subview */ = {
			isa = PBXGroup;
			children = (
				2C1BD18D2982C07E001284C0 /* PassIndicatorsView.swift */,
			);
			path = Subview;
			sourceTree = "<group>";
		};
		2C1BD18F2983F42D001284C0 /* Success */ = {
			isa = PBXGroup;
			children = (
				2C1BD1922983F480001284C0 /* View */,
				2C1BD1902983F447001284C0 /* SuccessViewController.swift */,
			);
			path = Success;
			sourceTree = "<group>";
		};
		2C1BD1922983F480001284C0 /* View */ = {
			isa = PBXGroup;
			children = (
				2C1BD1932983F48D001284C0 /* SuccessView.swift */,
			);
			path = View;
			sourceTree = "<group>";
		};
		2C1BD1952983F928001284C0 /* Main */ = {
			isa = PBXGroup;
			children = (
				2C1BD1A329842BBD001284C0 /* Cell */,
				2C1BD1A029842AFB001284C0 /* Section */,
				2C1BD19D298429AC001284C0 /* Model */,
				2C1BD1962983F933001284C0 /* View */,
				2C1BD1992983F955001284C0 /* MainViewController.swift */,
			);
			path = Main;
			sourceTree = "<group>";
		};
		2C1BD1962983F933001284C0 /* View */ = {
			isa = PBXGroup;
			children = (
				2C1BD1972983F948001284C0 /* MainView.swift */,
			);
			path = View;
			sourceTree = "<group>";
		};
		2C1BD19D298429AC001284C0 /* Model */ = {
			isa = PBXGroup;
			children = (
				2C1BD19E298429C0001284C0 /* MainChartModel.swift */,
			);
			path = Model;
			sourceTree = "<group>";
		};
		2C1BD1A029842AFB001284C0 /* Section */ = {
			isa = PBXGroup;
			children = (
				2C1BD1A129842B10001284C0 /* MainChartSection.swift */,
			);
			path = Section;
			sourceTree = "<group>";
		};
		2C1BD1A329842BBD001284C0 /* Cell */ = {
			isa = PBXGroup;
			children = (
				2C1BD1A429842BC5001284C0 /* Chart */,
			);
			path = Cell;
			sourceTree = "<group>";
		};
		2C1BD1A429842BC5001284C0 /* Chart */ = {
			isa = PBXGroup;
			children = (
				2C1BD1A529842BEA001284C0 /* MainChartCell.swift */,
				2C1BD1A729842C01001284C0 /* MainChartView.swift */,
			);
			path = Chart;
			sourceTree = "<group>";
		};
		2C2DCBD229597E4200E4B688 = {
			isa = PBXGroup;
			children = (
				2C4DE29829A3143200BD1F05 /* R.generated.swift */,
				2C2DCBDD29597E4200E4B688 /* TonWallet */,
				2C2DCBDC29597E4200E4B688 /* Products */,
				3821818A4C7E1B6BCD9642F6 /* Pods */,
				9DDD469C5B51637894AA3443 /* Frameworks */,
			);
			sourceTree = "<group>";
		};
		2C2DCBDC29597E4200E4B688 /* Products */ = {
			isa = PBXGroup;
			children = (
				2C2DCBDB29597E4200E4B688 /* TonWallet.app */,
			);
			name = Products;
			sourceTree = "<group>";
		};
		2C2DCBDD29597E4200E4B688 /* TonWallet */ = {
			isa = PBXGroup;
			children = (
				2C2DCBF729598EA000E4B688 /* Application */,
				2C2DCBF829598EAB00E4B688 /* Modules */,
				2C2DCBF929598EBB00E4B688 /* Shared */,
				2C2DCBFA29598EC800E4B688 /* Supporting files */,
			);
			path = TonWallet;
			sourceTree = "<group>";
		};
		2C2DCBF729598EA000E4B688 /* Application */ = {
			isa = PBXGroup;
			children = (
				2C2DCBDE29597E4200E4B688 /* AppDelegate.swift */,
				2C2DCBE929597E4300E4B688 /* LaunchScreen.storyboard */,
			);
			path = Application;
			sourceTree = "<group>";
		};
		2C2DCBF829598EAB00E4B688 /* Modules */ = {
			isa = PBXGroup;
			children = (
				2C1BD1952983F928001284C0 /* Main */,
				2C1BD18F2983F42D001284C0 /* Success */,
				2C1BD1862982BA62001284C0 /* Password */,
				2CE8F112295C285E00258A98 /* Create */,
			);
			path = Modules;
			sourceTree = "<group>";
		};
		2C2DCBF929598EBB00E4B688 /* Shared */ = {
			isa = PBXGroup;
			children = (
				6C8BA8D891584884DEB3A3E4 /* Service */,
				2C2DCBFB29598FB700E4B688 /* Common */,
				2C2DCC0A2959905800E4B688 /* Resources */,
			);
			path = Shared;
			sourceTree = "<group>";
		};
		2C2DCBFA29598EC800E4B688 /* Supporting files */ = {
			isa = PBXGroup;
			children = (
				2C2DCBEC29597E4300E4B688 /* Info.plist */,
			);
			path = "Supporting files";
			sourceTree = "<group>";
		};
		2C2DCBFB29598FB700E4B688 /* Common */ = {
			isa = PBXGroup;
			children = (
				2C2DCBFC29598FB700E4B688 /* UI */,
				2C2DCC0029598FB700E4B688 /* Extentions */,
			);
			path = Common;
			sourceTree = "<group>";
		};
		2C2DCBFC29598FB700E4B688 /* UI */ = {
			isa = PBXGroup;
			children = (
				2C1BD176298189D2001284C0 /* Controllers */,
				2C2DCBFD29598FB700E4B688 /* Views */,
			);
			path = UI;
			sourceTree = "<group>";
		};
		2C2DCBFD29598FB700E4B688 /* Views */ = {
			isa = PBXGroup;
			children = (
				2C2DCBFE29598FB700E4B688 /* RootView.swift */,
			);
			path = Views;
			sourceTree = "<group>";
		};
		2C2DCC0029598FB700E4B688 /* Extentions */ = {
			isa = PBXGroup;
			children = (
				2C2DCC0129598FB700E4B688 /* UIKit */,
				2C2DCC0329598FB700E4B688 /* Foundation */,
				2C2DCC0429598FB700E4B688 /* IGListKit */,
			);
			path = Extentions;
			sourceTree = "<group>";
		};
		2C2DCC0129598FB700E4B688 /* UIKit */ = {
			isa = PBXGroup;
			children = (
				2C1BD16029817F1F001284C0 /* UIFont+Custom.swift */,
				2C2DCC0229598FB700E4B688 /* UIIColor+hex.swift */,
			);
			path = UIKit;
			sourceTree = "<group>";
		};
		2C2DCC0329598FB700E4B688 /* Foundation */ = {
			isa = PBXGroup;
			children = (
			);
			path = Foundation;
			sourceTree = "<group>";
		};
		2C2DCC0429598FB700E4B688 /* IGListKit */ = {
			isa = PBXGroup;
			children = (
				2C2DCC0529598FB700E4B688 /* ListCollectionContext+Dequeue.swift */,
			);
			path = IGListKit;
			sourceTree = "<group>";
		};
		2C2DCC0A2959905800E4B688 /* Resources */ = {
			isa = PBXGroup;
			children = (
				2CE8F119295C352200258A98 /* Fonts */,
				2C2DCC0B2959906B00E4B688 /* Strings */,
				2C2DCBE729597E4300E4B688 /* Assets.xcassets */,
			);
			path = Resources;
			sourceTree = "<group>";
		};
		2C2DCC0B2959906B00E4B688 /* Strings */ = {
			isa = PBXGroup;
			children = (
				2C2DCC102959908300E4B688 /* Localizable.strings */,
			);
			path = Strings;
			sourceTree = "<group>";
		};
		2C3BE48E29A30AA1000358C0 /* Inter */ = {
			isa = PBXGroup;
			children = (
				2C3BE48F29A30AA1000358C0 /* Inter-Medium.ttf */,
				2C3BE49029A30AA1000358C0 /* Inter-Bold.ttf */,
				2C3BE49129A30AA1000358C0 /* Inter-Regular.ttf */,
				2C3BE49229A30AA1000358C0 /* Inter-ExtraBold.ttf */,
				2C3BE49329A30AA1000358C0 /* Inter-SemiBold.ttf */,
			);
			path = Inter;
			sourceTree = "<group>";
		};
		2C4DE29A29A3B43100BD1F05 /* Start */ = {
			isa = PBXGroup;
			children = (
				2CE8F113295C286900258A98 /* View */,
				2CE8F115295C288600258A98 /* CreateViewController.swift */,
			);
			path = Start;
			sourceTree = "<group>";
		};
		2C4DE29B29A3B45600BD1F05 /* Load */ = {
			isa = PBXGroup;
			children = (
				2C4DE29C29A3B47600BD1F05 /* View */,
				2C4DE29F29A3B5A300BD1F05 /* LoadSeedViewController.swift */,
			);
			path = Load;
			sourceTree = "<group>";
		};
		2C4DE29C29A3B47600BD1F05 /* View */ = {
			isa = PBXGroup;
			children = (
				2C4DE29D29A3B48700BD1F05 /* LoadSeedView.swift */,
			);
			path = View;
			sourceTree = "<group>";
		};
		2CE8F112295C285E00258A98 /* Create */ = {
			isa = PBXGroup;
			children = (
				2C4DE29A29A3B43100BD1F05 /* Start */,
				2C4DE29B29A3B45600BD1F05 /* Load */,
				2C1BD16F29818307001284C0 /* SeedPhrase */,
			);
			path = Create;
			sourceTree = "<group>";
		};
		2CE8F113295C286900258A98 /* View */ = {
			isa = PBXGroup;
			children = (
				2CE8F117295C29B600258A98 /* CreateView.swift */,
			);
			path = View;
			sourceTree = "<group>";
		};
		2CE8F119295C352200258A98 /* Fonts */ = {
			isa = PBXGroup;
			children = (
				2C3BE48E29A30AA1000358C0 /* Inter */,
				2C1BD16329817F74001284C0 /* Rubic */,
				2C1BD16229817F66001284C0 /* Montserrat */,
			);
			path = Fonts;
			sourceTree = "<group>";
		};
		3821818A4C7E1B6BCD9642F6 /* Pods */ = {
			isa = PBXGroup;
			children = (
				0A371F3D3DCE7773577B6E98 /* Pods-TonWallet.debug.xcconfig */,
				3FFC720241E87254142E4955 /* Pods-TonWallet.release.xcconfig */,
			);
			path = Pods;
			sourceTree = "<group>";
		};
		6C8BA4412952930AE6670F61 /* Ton */ = {
			isa = PBXGroup;
			children = (
				6C8BAA4E290DD25CA2DBB705 /* Model */,
				6C8BAE59CE7020DD0EEE2892 /* TonManagerDelegate.swift */,
				6C8BAFD75E236600AE4F8772 /* TonManager.swift */,
			);
			path = Ton;
			sourceTree = "<group>";
		};
		6C8BA8D891584884DEB3A3E4 /* Service */ = {
			isa = PBXGroup;
			children = (
				6C8BA4412952930AE6670F61 /* Ton */,
			);
			path = Service;
			sourceTree = "<group>";
		};
		6C8BAA4E290DD25CA2DBB705 /* Model */ = {
			isa = PBXGroup;
			children = (
				6C8BAB58F4C34AC9D9CD6D3A /* TonKeyPair.swift */,
			);
			path = Model;
			sourceTree = "<group>";
		};
		9DDD469C5B51637894AA3443 /* Frameworks */ = {
			isa = PBXGroup;
			children = (
				2CDA0006298474A000A8CA23 /* SharedWithYouCore.framework */,
				BA0B5B92E5EB9A7C84C0B389 /* Pods_TonWallet.framework */,
			);
			name = Frameworks;
			sourceTree = "<group>";
		};
/* End PBXGroup section */

/* Begin PBXNativeTarget section */
		2C2DCBDA29597E4200E4B688 /* TonWallet */ = {
			isa = PBXNativeTarget;
			buildConfigurationList = 2C2DCBEF29597E4300E4B688 /* Build configuration list for PBXNativeTarget "TonWallet" */;
			buildPhases = (
				76E4C208E6573CE48A45634C /* [CP] Check Pods Manifest.lock */,
				2C1BD207298434E5001284C0 /* ShellScript */,
				2C2DCBF429598DB300E4B688 /* ShellScript */,
				2C2DCBD729597E4200E4B688 /* Sources */,
				2C2DCBD829597E4200E4B688 /* Frameworks */,
				2C2DCBD929597E4200E4B688 /* Resources */,
				7C4359928CB32067322D6E09 /* [CP] Embed Pods Frameworks */,
			);
			buildRules = (
			);
			dependencies = (
			);
			name = TonWallet;
			productName = TonWallet;
			productReference = 2C2DCBDB29597E4200E4B688 /* TonWallet.app */;
			productType = "com.apple.product-type.application";
		};
/* End PBXNativeTarget section */

/* Begin PBXProject section */
		2C2DCBD329597E4200E4B688 /* Project object */ = {
			isa = PBXProject;
			attributes = {
				BuildIndependentTargetsInParallel = 1;
				LastSwiftUpdateCheck = 1420;
				LastUpgradeCheck = 1420;
				TargetAttributes = {
					2C2DCBDA29597E4200E4B688 = {
						CreatedOnToolsVersion = 14.2;
					};
				};
			};
			buildConfigurationList = 2C2DCBD629597E4200E4B688 /* Build configuration list for PBXProject "TonWallet" */;
			compatibilityVersion = "Xcode 13.0";
			developmentRegion = en;
			hasScannedForEncodings = 0;
			knownRegions = (
				en,
				Base,
			);
			mainGroup = 2C2DCBD229597E4200E4B688;
			productRefGroup = 2C2DCBDC29597E4200E4B688 /* Products */;
			projectDirPath = "";
			projectRoot = "";
			targets = (
				2C2DCBDA29597E4200E4B688 /* TonWallet */,
			);
		};
/* End PBXProject section */

/* Begin PBXResourcesBuildPhase section */
		2C2DCBD929597E4200E4B688 /* Resources */ = {
			isa = PBXResourcesBuildPhase;
			buildActionMask = 2147483647;
			files = (
				2C3BE49729A30AA1000358C0 /* Inter-ExtraBold.ttf in Resources */,
				2C1BD169298181B2001284C0 /* Rubik-Bold.ttf in Resources */,
				2C1BD16A298181B2001284C0 /* Rubik-ExtraBold.ttf in Resources */,
				2C1BD16B298181B2001284C0 /* Rubik-Medium.ttf in Resources */,
				2C1BD16C298181B2001284C0 /* Rubik-Regular.ttf in Resources */,
				2C3BE49429A30AA1000358C0 /* Inter-Medium.ttf in Resources */,
				2C1BD16D298181B2001284C0 /* Rubik-SemiBold.ttf in Resources */,
				2C3BE49529A30AA1000358C0 /* Inter-Bold.ttf in Resources */,
				2CE8F123295C4A0700258A98 /* Montserrat-ExtraBold.ttf in Resources */,
				2CE8F120295C352200258A98 /* Montserrat-Regular.ttf in Resources */,
				2CE8F121295C352200258A98 /* Montserrat-SemiBold.ttf in Resources */,
				2C2DCBEB29597E4300E4B688 /* LaunchScreen.storyboard in Resources */,
				2C3BE49829A30AA1000358C0 /* Inter-SemiBold.ttf in Resources */,
				2C2DCC0E2959908300E4B688 /* Localizable.strings in Resources */,
				2CE8F11E295C352200258A98 /* Montserrat-Bold.ttf in Resources */,
				2C2DCBE829597E4300E4B688 /* Assets.xcassets in Resources */,
				2C3BE49629A30AA1000358C0 /* Inter-Regular.ttf in Resources */,
				2CE8F11F295C352200258A98 /* Montserrat-Medium.ttf in Resources */,
			);
			runOnlyForDeploymentPostprocessing = 0;
		};
/* End PBXResourcesBuildPhase section */

/* Begin PBXShellScriptBuildPhase section */
		2C1BD207298434E5001284C0 /* ShellScript */ = {
			isa = PBXShellScriptBuildPhase;
			buildActionMask = 12;
			files = (
			);
			inputFileListPaths = (
			);
			inputPaths = (
			);
			outputFileListPaths = (
			);
			outputPaths = (
			);
			runOnlyForDeploymentPostprocessing = 0;
			shellPath = /bin/sh;
			shellScript = "cd \"$SRCROOT/..\"\n./gradlew :shared:embedAndSignAppleFrameworkForXcode\n";
		};
		2C2DCBF429598DB300E4B688 /* ShellScript */ = {
			isa = PBXShellScriptBuildPhase;
			buildActionMask = 12;
			files = (
			);
			inputFileListPaths = (
			);
			inputPaths = (
			);
			outputFileListPaths = (
			);
			outputPaths = (
				$SRCROOT/R.generated.swift,
			);
			runOnlyForDeploymentPostprocessing = 0;
			shellPath = /bin/sh;
			shellScript = "\"$PODS_ROOT/R.swift/rswift\" generate \"$SRCROOT/R.generated.swift\"\n";
		};
		76E4C208E6573CE48A45634C /* [CP] Check Pods Manifest.lock */ = {
			isa = PBXShellScriptBuildPhase;
			buildActionMask = 2147483647;
			files = (
			);
			inputFileListPaths = (
			);
			inputPaths = (
				"${PODS_PODFILE_DIR_PATH}/Podfile.lock",
				"${PODS_ROOT}/Manifest.lock",
			);
			name = "[CP] Check Pods Manifest.lock";
			outputFileListPaths = (
			);
			outputPaths = (
				"$(DERIVED_FILE_DIR)/Pods-TonWallet-checkManifestLockResult.txt",
			);
			runOnlyForDeploymentPostprocessing = 0;
			shellPath = /bin/sh;
			shellScript = "diff \"${PODS_PODFILE_DIR_PATH}/Podfile.lock\" \"${PODS_ROOT}/Manifest.lock\" > /dev/null\nif [ $? != 0 ] ; then\n    # print error to STDERR\n    echo \"error: The sandbox is not in sync with the Podfile.lock. Run 'pod install' or update your CocoaPods installation.\" >&2\n    exit 1\nfi\n# This output is used by Xcode 'outputs' to avoid re-running this script phase.\necho \"SUCCESS\" > \"${SCRIPT_OUTPUT_FILE_0}\"\n";
			showEnvVarsInLog = 0;
		};
		7C4359928CB32067322D6E09 /* [CP] Embed Pods Frameworks */ = {
			isa = PBXShellScriptBuildPhase;
			buildActionMask = 2147483647;
			files = (
			);
			inputFileListPaths = (
				"${PODS_ROOT}/Target Support Files/Pods-TonWallet/Pods-TonWallet-frameworks-${CONFIGURATION}-input-files.xcfilelist",
			);
			name = "[CP] Embed Pods Frameworks";
			outputFileListPaths = (
				"${PODS_ROOT}/Target Support Files/Pods-TonWallet/Pods-TonWallet-frameworks-${CONFIGURATION}-output-files.xcfilelist",
			);
			runOnlyForDeploymentPostprocessing = 0;
			shellPath = /bin/sh;
			shellScript = "\"${PODS_ROOT}/Target Support Files/Pods-TonWallet/Pods-TonWallet-frameworks.sh\"\n";
			showEnvVarsInLog = 0;
		};
/* End PBXShellScriptBuildPhase section */

/* Begin PBXSourcesBuildPhase section */
		2C2DCBD729597E4200E4B688 /* Sources */ = {
			isa = PBXSourcesBuildPhase;
			buildActionMask = 2147483647;
			files = (
				2C1BD17529818357001284C0 /* SeedPhraseAlertView.swift in Sources */,
				2C1BD19A2983F955001284C0 /* MainViewController.swift in Sources */,
				2C1BD1982983F948001284C0 /* MainView.swift in Sources */,
				2C2DCC0629598FB700E4B688 /* RootView.swift in Sources */,
				2C1BD16129817F1F001284C0 /* UIFont+Custom.swift in Sources */,
				2C1BD19C2983FFEE001284C0 /* SeedNextButtonCell.swift in Sources */,
				2C1BD18E2982C07E001284C0 /* PassIndicatorsView.swift in Sources */,
				2C1BD179298189D2001284C0 /* RootNavigationController.swift in Sources */,
				2C1BD18529828646001284C0 /* SeedWordCell.swift in Sources */,
				2C1BD18B2982BAF7001284C0 /* PasswordViewController.swift in Sources */,
				2C4DE29E29A3B48700BD1F05 /* LoadSeedView.swift in Sources */,
				2C2DCC0829598FB700E4B688 /* UIIColor+hex.swift in Sources */,
				2CE8F116295C288600258A98 /* CreateViewController.swift in Sources */,
				2C1BD1A829842C01001284C0 /* MainChartView.swift in Sources */,
				2C1BD17D29818D84001284C0 /* SeedPhraseView.swift in Sources */,
				2C1BD1A229842B10001284C0 /* MainChartSection.swift in Sources */,
				2C1BD181298191F9001284C0 /* SeedWordView.swift in Sources */,
				2C1BD1A629842BEA001284C0 /* MainChartCell.swift in Sources */,
				2C4DE29929A3143200BD1F05 /* R.generated.swift in Sources */,
				2C2DCC0929598FB700E4B688 /* ListCollectionContext+Dequeue.swift in Sources */,
				2C1BD1942983F48D001284C0 /* SuccessView.swift in Sources */,
				2C1BD17229818334001284C0 /* SeedPhraseAlertViewController.swift in Sources */,
				2C1BD1892982BAD3001284C0 /* PasswordView.swift in Sources */,
				2C4DE2A029A3B5A300BD1F05 /* LoadSeedViewController.swift in Sources */,
				2C1BD1912983F447001284C0 /* SuccessViewController.swift in Sources */,
				2CE8F118295C29B600258A98 /* CreateView.swift in Sources */,
				2C2DCBDF29597E4200E4B688 /* AppDelegate.swift in Sources */,
				2C1BD17F29818D90001284C0 /* SeedPhraseViewController.swift in Sources */,
				2C1BD19F298429C0001284C0 /* MainChartModel.swift in Sources */,
				6C8BA6EC50877D78EB58E2F6 /* TonManager.swift in Sources */,
				6C8BADCC48B1E7F0A7F32C92 /* TonManagerDelegate.swift in Sources */,
				6C8BA53D097E57E34EE801AF /* TonKeyPair.swift in Sources */,
			);
			runOnlyForDeploymentPostprocessing = 0;
		};
/* End PBXSourcesBuildPhase section */

/* Begin PBXVariantGroup section */
		2C2DCBE929597E4300E4B688 /* LaunchScreen.storyboard */ = {
			isa = PBXVariantGroup;
			children = (
				2C2DCBEA29597E4300E4B688 /* Base */,
			);
			name = LaunchScreen.storyboard;
			sourceTree = "<group>";
		};
		2C2DCC102959908300E4B688 /* Localizable.strings */ = {
			isa = PBXVariantGroup;
			children = (
				2C2DCC0F2959908300E4B688 /* en */,
			);
			name = Localizable.strings;
			sourceTree = "<group>";
		};
/* End PBXVariantGroup section */

/* Begin XCBuildConfiguration section */
		2C2DCBED29597E4300E4B688 /* Debug */ = {
			isa = XCBuildConfiguration;
			buildSettings = {
				ALWAYS_SEARCH_USER_PATHS = NO;
				CLANG_ANALYZER_NONNULL = YES;
				CLANG_ANALYZER_NUMBER_OBJECT_CONVERSION = YES_AGGRESSIVE;
				CLANG_CXX_LANGUAGE_STANDARD = "gnu++20";
				CLANG_ENABLE_MODULES = YES;
				CLANG_ENABLE_OBJC_ARC = YES;
				CLANG_ENABLE_OBJC_WEAK = YES;
				CLANG_WARN_BLOCK_CAPTURE_AUTORELEASING = YES;
				CLANG_WARN_BOOL_CONVERSION = YES;
				CLANG_WARN_COMMA = YES;
				CLANG_WARN_CONSTANT_CONVERSION = YES;
				CLANG_WARN_DEPRECATED_OBJC_IMPLEMENTATIONS = YES;
				CLANG_WARN_DIRECT_OBJC_ISA_USAGE = YES_ERROR;
				CLANG_WARN_DOCUMENTATION_COMMENTS = YES;
				CLANG_WARN_EMPTY_BODY = YES;
				CLANG_WARN_ENUM_CONVERSION = YES;
				CLANG_WARN_INFINITE_RECURSION = YES;
				CLANG_WARN_INT_CONVERSION = YES;
				CLANG_WARN_NON_LITERAL_NULL_CONVERSION = YES;
				CLANG_WARN_OBJC_IMPLICIT_RETAIN_SELF = YES;
				CLANG_WARN_OBJC_LITERAL_CONVERSION = YES;
				CLANG_WARN_OBJC_ROOT_CLASS = YES_ERROR;
				CLANG_WARN_QUOTED_INCLUDE_IN_FRAMEWORK_HEADER = YES;
				CLANG_WARN_RANGE_LOOP_ANALYSIS = YES;
				CLANG_WARN_STRICT_PROTOTYPES = YES;
				CLANG_WARN_SUSPICIOUS_MOVE = YES;
				CLANG_WARN_UNGUARDED_AVAILABILITY = YES_AGGRESSIVE;
				CLANG_WARN_UNREACHABLE_CODE = YES;
				CLANG_WARN__DUPLICATE_METHOD_MATCH = YES;
				COPY_PHASE_STRIP = NO;
				DEBUG_INFORMATION_FORMAT = dwarf;
				ENABLE_STRICT_OBJC_MSGSEND = YES;
				ENABLE_TESTABILITY = YES;
				GCC_C_LANGUAGE_STANDARD = gnu11;
				GCC_DYNAMIC_NO_PIC = NO;
				GCC_NO_COMMON_BLOCKS = YES;
				GCC_OPTIMIZATION_LEVEL = 0;
				GCC_PREPROCESSOR_DEFINITIONS = (
					"DEBUG=1",
					"$(inherited)",
				);
				GCC_WARN_64_TO_32_BIT_CONVERSION = YES;
				GCC_WARN_ABOUT_RETURN_TYPE = YES_ERROR;
				GCC_WARN_UNDECLARED_SELECTOR = YES;
				GCC_WARN_UNINITIALIZED_AUTOS = YES_AGGRESSIVE;
				GCC_WARN_UNUSED_FUNCTION = YES;
				GCC_WARN_UNUSED_VARIABLE = YES;
				IPHONEOS_DEPLOYMENT_TARGET = 14.0;
				MTL_ENABLE_DEBUG_INFO = INCLUDE_SOURCE;
				MTL_FAST_MATH = YES;
				ONLY_ACTIVE_ARCH = YES;
				SDKROOT = iphoneos;
				SWIFT_ACTIVE_COMPILATION_CONDITIONS = DEBUG;
				SWIFT_OPTIMIZATION_LEVEL = "-Onone";
			};
			name = Debug;
		};
		2C2DCBEE29597E4300E4B688 /* Release */ = {
			isa = XCBuildConfiguration;
			buildSettings = {
				ALWAYS_SEARCH_USER_PATHS = NO;
				CLANG_ANALYZER_NONNULL = YES;
				CLANG_ANALYZER_NUMBER_OBJECT_CONVERSION = YES_AGGRESSIVE;
				CLANG_CXX_LANGUAGE_STANDARD = "gnu++20";
				CLANG_ENABLE_MODULES = YES;
				CLANG_ENABLE_OBJC_ARC = YES;
				CLANG_ENABLE_OBJC_WEAK = YES;
				CLANG_WARN_BLOCK_CAPTURE_AUTORELEASING = YES;
				CLANG_WARN_BOOL_CONVERSION = YES;
				CLANG_WARN_COMMA = YES;
				CLANG_WARN_CONSTANT_CONVERSION = YES;
				CLANG_WARN_DEPRECATED_OBJC_IMPLEMENTATIONS = YES;
				CLANG_WARN_DIRECT_OBJC_ISA_USAGE = YES_ERROR;
				CLANG_WARN_DOCUMENTATION_COMMENTS = YES;
				CLANG_WARN_EMPTY_BODY = YES;
				CLANG_WARN_ENUM_CONVERSION = YES;
				CLANG_WARN_INFINITE_RECURSION = YES;
				CLANG_WARN_INT_CONVERSION = YES;
				CLANG_WARN_NON_LITERAL_NULL_CONVERSION = YES;
				CLANG_WARN_OBJC_IMPLICIT_RETAIN_SELF = YES;
				CLANG_WARN_OBJC_LITERAL_CONVERSION = YES;
				CLANG_WARN_OBJC_ROOT_CLASS = YES_ERROR;
				CLANG_WARN_QUOTED_INCLUDE_IN_FRAMEWORK_HEADER = YES;
				CLANG_WARN_RANGE_LOOP_ANALYSIS = YES;
				CLANG_WARN_STRICT_PROTOTYPES = YES;
				CLANG_WARN_SUSPICIOUS_MOVE = YES;
				CLANG_WARN_UNGUARDED_AVAILABILITY = YES_AGGRESSIVE;
				CLANG_WARN_UNREACHABLE_CODE = YES;
				CLANG_WARN__DUPLICATE_METHOD_MATCH = YES;
				COPY_PHASE_STRIP = NO;
				DEBUG_INFORMATION_FORMAT = "dwarf-with-dsym";
				ENABLE_NS_ASSERTIONS = NO;
				ENABLE_STRICT_OBJC_MSGSEND = YES;
				GCC_C_LANGUAGE_STANDARD = gnu11;
				GCC_NO_COMMON_BLOCKS = YES;
				GCC_WARN_64_TO_32_BIT_CONVERSION = YES;
				GCC_WARN_ABOUT_RETURN_TYPE = YES_ERROR;
				GCC_WARN_UNDECLARED_SELECTOR = YES;
				GCC_WARN_UNINITIALIZED_AUTOS = YES_AGGRESSIVE;
				GCC_WARN_UNUSED_FUNCTION = YES;
				GCC_WARN_UNUSED_VARIABLE = YES;
				IPHONEOS_DEPLOYMENT_TARGET = 14.0;
				MTL_ENABLE_DEBUG_INFO = NO;
				MTL_FAST_MATH = YES;
				SDKROOT = iphoneos;
				SWIFT_COMPILATION_MODE = wholemodule;
				SWIFT_OPTIMIZATION_LEVEL = "-O";
				VALIDATE_PRODUCT = YES;
			};
			name = Release;
		};
		2C2DCBF029597E4300E4B688 /* Debug */ = {
			isa = XCBuildConfiguration;
			baseConfigurationReference = 0A371F3D3DCE7773577B6E98 /* Pods-TonWallet.debug.xcconfig */;
			buildSettings = {
				ASSETCATALOG_COMPILER_APPICON_NAME = AppIcon;
				ASSETCATALOG_COMPILER_GLOBAL_ACCENT_COLOR_NAME = AccentColor;
				CODE_SIGN_STYLE = Automatic;
				CURRENT_PROJECT_VERSION = 1;
				DEVELOPMENT_TEAM = N422RJM586;
				FRAMEWORK_SEARCH_PATHS = (
					"$(inherited)",
					"\"${PODS_CONFIGURATION_BUILD_DIR}/Atributika\"",
					"\"${PODS_CONFIGURATION_BUILD_DIR}/IGListDiffKit\"",
					"\"${PODS_CONFIGURATION_BUILD_DIR}/IGListKit\"",
					"\"${PODS_CONFIGURATION_BUILD_DIR}/R.swift\"",
					"\"${PODS_CONFIGURATION_BUILD_DIR}/SnapKit\"",
					"$(SRCROOT)/../shared/build/xcode-frameworks/$(CONFIGURATION)/$(SDK_NAME)",
				);
				GENERATE_INFOPLIST_FILE = YES;
				INFOPLIST_FILE = "TonWallet/Supporting files/Info.plist";
				INFOPLIST_KEY_UIApplicationSupportsIndirectInputEvents = YES;
				INFOPLIST_KEY_UILaunchStoryboardName = LaunchScreen;
				INFOPLIST_KEY_UISupportedInterfaceOrientations_iPad = "UIInterfaceOrientationPortrait UIInterfaceOrientationPortraitUpsideDown UIInterfaceOrientationLandscapeLeft UIInterfaceOrientationLandscapeRight";
				INFOPLIST_KEY_UISupportedInterfaceOrientations_iPhone = "UIInterfaceOrientationPortrait UIInterfaceOrientationLandscapeLeft UIInterfaceOrientationLandscapeRight";
				IPHONEOS_DEPLOYMENT_TARGET = 16.0;
				LD_RUNPATH_SEARCH_PATHS = (
					"$(inherited)",
					"@executable_path/Frameworks",
				);
				MARKETING_VERSION = 1.0;
				PRODUCT_BUNDLE_IDENTIFIER = org.xaker.TonWallet;
				PRODUCT_NAME = "$(TARGET_NAME)";
				SWIFT_EMIT_LOC_STRINGS = YES;
				SWIFT_VERSION = 5.0;
				TARGETED_DEVICE_FAMILY = "1,2";
			};
			name = Debug;
		};
		2C2DCBF129597E4300E4B688 /* Release */ = {
			isa = XCBuildConfiguration;
			baseConfigurationReference = 3FFC720241E87254142E4955 /* Pods-TonWallet.release.xcconfig */;
			buildSettings = {
				ASSETCATALOG_COMPILER_APPICON_NAME = AppIcon;
				ASSETCATALOG_COMPILER_GLOBAL_ACCENT_COLOR_NAME = AccentColor;
				CODE_SIGN_STYLE = Automatic;
				CURRENT_PROJECT_VERSION = 1;
				DEVELOPMENT_TEAM = N422RJM586;
				FRAMEWORK_SEARCH_PATHS = (
					"$(inherited)",
					"\"${PODS_CONFIGURATION_BUILD_DIR}/Atributika\"",
					"\"${PODS_CONFIGURATION_BUILD_DIR}/IGListDiffKit\"",
					"\"${PODS_CONFIGURATION_BUILD_DIR}/IGListKit\"",
					"\"${PODS_CONFIGURATION_BUILD_DIR}/R.swift\"",
					"\"${PODS_CONFIGURATION_BUILD_DIR}/SnapKit\"",
					"$(SRCROOT)/../shared/build/xcode-frameworks/$(CONFIGURATION)/$(SDK_NAME)",
				);
				GENERATE_INFOPLIST_FILE = YES;
				INFOPLIST_FILE = "TonWallet/Supporting files/Info.plist";
				INFOPLIST_KEY_UIApplicationSupportsIndirectInputEvents = YES;
				INFOPLIST_KEY_UILaunchStoryboardName = LaunchScreen;
				INFOPLIST_KEY_UISupportedInterfaceOrientations_iPad = "UIInterfaceOrientationPortrait UIInterfaceOrientationPortraitUpsideDown UIInterfaceOrientationLandscapeLeft UIInterfaceOrientationLandscapeRight";
				INFOPLIST_KEY_UISupportedInterfaceOrientations_iPhone = "UIInterfaceOrientationPortrait UIInterfaceOrientationLandscapeLeft UIInterfaceOrientationLandscapeRight";
				IPHONEOS_DEPLOYMENT_TARGET = 16.0;
				LD_RUNPATH_SEARCH_PATHS = (
					"$(inherited)",
					"@executable_path/Frameworks",
				);
				MARKETING_VERSION = 1.0;
				PRODUCT_BUNDLE_IDENTIFIER = org.xaker.TonWallet;
				PRODUCT_NAME = "$(TARGET_NAME)";
				SWIFT_EMIT_LOC_STRINGS = YES;
				SWIFT_VERSION = 5.0;
				TARGETED_DEVICE_FAMILY = "1,2";
			};
			name = Release;
		};
/* End XCBuildConfiguration section */

/* Begin XCConfigurationList section */
		2C2DCBD629597E4200E4B688 /* Build configuration list for PBXProject "TonWallet" */ = {
			isa = XCConfigurationList;
			buildConfigurations = (
				2C2DCBED29597E4300E4B688 /* Debug */,
				2C2DCBEE29597E4300E4B688 /* Release */,
			);
			defaultConfigurationIsVisible = 0;
			defaultConfigurationName = Release;
		};
		2C2DCBEF29597E4300E4B688 /* Build configuration list for PBXNativeTarget "TonWallet" */ = {
			isa = XCConfigurationList;
			buildConfigurations = (
				2C2DCBF029597E4300E4B688 /* Debug */,
				2C2DCBF129597E4300E4B688 /* Release */,
			);
			defaultConfigurationIsVisible = 0;
			defaultConfigurationName = Release;
		};
/* End XCConfigurationList section */
	};
	rootObject = 2C2DCBD329597E4200E4B688 /* Project object */;
}
